// !$*UTF8*$!
{
	archiveVersion = 1;
	classes = {
	};
	objectVersion = 50;
	objects = {

/* Begin PBXBuildFile section */
		8957C0F624D74052003B51B7 /* AppDelegate.swift in Sources */ = {isa = PBXBuildFile; fileRef = 8957C0F524D74052003B51B7 /* AppDelegate.swift */; };
		8957C0F824D74052003B51B7 /* SceneDelegate.swift in Sources */ = {isa = PBXBuildFile; fileRef = 8957C0F724D74052003B51B7 /* SceneDelegate.swift */; };
		8957C0FA24D74052003B51B7 /* ViewController.swift in Sources */ = {isa = PBXBuildFile; fileRef = 8957C0F924D74052003B51B7 /* ViewController.swift */; };
		8957C0FD24D74052003B51B7 /* Main.storyboard in Resources */ = {isa = PBXBuildFile; fileRef = 8957C0FB24D74052003B51B7 /* Main.storyboard */; };
		8957C10024D74052003B51B7 /* WeatherTest.xcdatamodeld in Sources */ = {isa = PBXBuildFile; fileRef = 8957C0FE24D74052003B51B7 /* WeatherTest.xcdatamodeld */; };
		8957C10224D74054003B51B7 /* Assets.xcassets in Resources */ = {isa = PBXBuildFile; fileRef = 8957C10124D74054003B51B7 /* Assets.xcassets */; };
		8957C10524D74054003B51B7 /* LaunchScreen.storyboard in Resources */ = {isa = PBXBuildFile; fileRef = 8957C10324D74054003B51B7 /* LaunchScreen.storyboard */; };
		8957C10D24D7407A003B51B7 /* WeatherModel.swift in Sources */ = {isa = PBXBuildFile; fileRef = 8957C10C24D7407A003B51B7 /* WeatherModel.swift */; };
		8957C10F24D740BC003B51B7 /* WetherData.swift in Sources */ = {isa = PBXBuildFile; fileRef = 8957C10E24D740BC003B51B7 /* WetherData.swift */; };
		8957C11224D7418B003B51B7 /* WeatherManager.swift in Sources */ = {isa = PBXBuildFile; fileRef = 8957C11124D7418B003B51B7 /* WeatherManager.swift */; };
		89956C1624D74F2100B657D1 /* .gitignore in Resources */ = {isa = PBXBuildFile; fileRef = 89956C1524D74F2100B657D1 /* .gitignore */; };
/* End PBXBuildFile section */

/* Begin PBXFileReference section */
		8957C0F224D74052003B51B7 /* WeatherTest.app */ = {isa = PBXFileReference; explicitFileType = wrapper.application; includeInIndex = 0; path = WeatherTest.app; sourceTree = BUILT_PRODUCTS_DIR; };
		8957C0F524D74052003B51B7 /* AppDelegate.swift */ = {isa = PBXFileReference; lastKnownFileType = sourcecode.swift; path = AppDelegate.swift; sourceTree = "<group>"; };
		8957C0F724D74052003B51B7 /* SceneDelegate.swift */ = {isa = PBXFileReference; lastKnownFileType = sourcecode.swift; path = SceneDelegate.swift; sourceTree = "<group>"; };
		8957C0F924D74052003B51B7 /* ViewController.swift */ = {isa = PBXFileReference; lastKnownFileType = sourcecode.swift; path = ViewController.swift; sourceTree = "<group>"; };
		8957C0FC24D74052003B51B7 /* Base */ = {isa = PBXFileReference; lastKnownFileType = file.storyboard; name = Base; path = Base.lproj/Main.storyboard; sourceTree = "<group>"; };
		8957C0FF24D74052003B51B7 /* WeatherTest.xcdatamodel */ = {isa = PBXFileReference; lastKnownFileType = wrapper.xcdatamodel; path = WeatherTest.xcdatamodel; sourceTree = "<group>"; };
		8957C10124D74054003B51B7 /* Assets.xcassets */ = {isa = PBXFileReference; lastKnownFileType = folder.assetcatalog; path = Assets.xcassets; sourceTree = "<group>"; };
		8957C10424D74054003B51B7 /* Base */ = {isa = PBXFileReference; lastKnownFileType = file.storyboard; name = Base; path = Base.lproj/LaunchScreen.storyboard; sourceTree = "<group>"; };
		8957C10624D74054003B51B7 /* Info.plist */ = {isa = PBXFileReference; lastKnownFileType = text.plist.xml; path = Info.plist; sourceTree = "<group>"; };
		8957C10C24D7407A003B51B7 /* WeatherModel.swift */ = {isa = PBXFileReference; lastKnownFileType = sourcecode.swift; path = WeatherModel.swift; sourceTree = "<group>"; };
		8957C10E24D740BC003B51B7 /* WetherData.swift */ = {isa = PBXFileReference; lastKnownFileType = sourcecode.swift; path = WetherData.swift; sourceTree = "<group>"; };
		8957C11124D7418B003B51B7 /* WeatherManager.swift */ = {isa = PBXFileReference; lastKnownFileType = sourcecode.swift; path = WeatherManager.swift; sourceTree = "<group>"; };
		89956C1524D74F2100B657D1 /* .gitignore */ = {isa = PBXFileReference; lastKnownFileType = text; path = .gitignore; sourceTree = "<group>"; };
/* End PBXFileReference section */

/* Begin PBXFrameworksBuildPhase section */
		8957C0EF24D74052003B51B7 /* Frameworks */ = {
			isa = PBXFrameworksBuildPhase;
			buildActionMask = 2147483647;
			files = (
			);
			runOnlyForDeploymentPostprocessing = 0;
		};
/* End PBXFrameworksBuildPhase section */

/* Begin PBXGroup section */
		8957C0E924D74052003B51B7 = {
			isa = PBXGroup;
			children = (
				89956C1524D74F2100B657D1 /* .gitignore */,
				8957C0F424D74052003B51B7 /* WeatherTest */,
				8957C0F324D74052003B51B7 /* Products */,
			);
			sourceTree = "<group>";
		};
		8957C0F324D74052003B51B7 /* Products */ = {
			isa = PBXGroup;
			children = (
				8957C0F224D74052003B51B7 /* WeatherTest.app */,
			);
			name = Products;
			sourceTree = "<group>";
		};
		8957C0F424D74052003B51B7 /* WeatherTest */ = {
			isa = PBXGroup;
			children = (
				8957C11024D740F4003B51B7 /* Model */,
				89956C1324D74DB800B657D1 /* View */,
				89956C1424D74DDF00B657D1 /* Controller */,
				8957C0F524D74052003B51B7 /* AppDelegate.swift */,
				8957C0F724D74052003B51B7 /* SceneDelegate.swift */,
				8957C10124D74054003B51B7 /* Assets.xcassets */,
				8957C10324D74054003B51B7 /* LaunchScreen.storyboard */,
				8957C10624D74054003B51B7 /* Info.plist */,
				8957C0FE24D74052003B51B7 /* WeatherTest.xcdatamodeld */,
			);
			path = WeatherTest;
			sourceTree = "<group>";
		};
		8957C11024D740F4003B51B7 /* Model */ = {
			isa = PBXGroup;
			children = (
				8957C10C24D7407A003B51B7 /* WeatherModel.swift */,
				8957C10E24D740BC003B51B7 /* WetherData.swift */,
				8957C11124D7418B003B51B7 /* WeatherManager.swift */,
			);
			path = Model;
			sourceTree = "<group>";
		};
		89956C1324D74DB800B657D1 /* View */ = {
			isa = PBXGroup;
			children = (
				8957C0FB24D74052003B51B7 /* Main.storyboard */,
			);
			path = View;
			sourceTree = "<group>";
		};
		89956C1424D74DDF00B657D1 /* Controller */ = {
			isa = PBXGroup;
			children = (
				8957C0F924D74052003B51B7 /* ViewController.swift */,
			);
			path = Controller;
			sourceTree = "<group>";
		};
/* End PBXGroup section */

/* Begin PBXNativeTarget section */
		8957C0F124D74052003B51B7 /* WeatherTest */ = {
			isa = PBXNativeTarget;
			buildConfigurationList = 8957C10924D74054003B51B7 /* Build configuration list for PBXNativeTarget "WeatherTest" */;
			buildPhases = (
				8957C0EE24D74052003B51B7 /* Sources */,
				8957C0EF24D74052003B51B7 /* Frameworks */,
				8957C0F024D74052003B51B7 /* Resources */,
			);
			buildRules = (
			);
			dependencies = (
			);
			name = WeatherTest;
			productName = WeatherTest;
			productReference = 8957C0F224D74052003B51B7 /* WeatherTest.app */;
			productType = "com.apple.product-type.application";
		};
/* End PBXNativeTarget section */

/* Begin PBXProject section */
		8957C0EA24D74052003B51B7 /* Project object */ = {
			isa = PBXProject;
			attributes = {
				LastSwiftUpdateCheck = 1160;
				LastUpgradeCheck = 1160;
				ORGANIZATIONNAME = "Дубынин Семён";
				TargetAttributes = {
					8957C0F124D74052003B51B7 = {
						CreatedOnToolsVersion = 11.6;
					};
				};
			};
			buildConfigurationList = 8957C0ED24D74052003B51B7 /* Build configuration list for PBXProject "WeatherTest" */;
			compatibilityVersion = "Xcode 9.3";
			developmentRegion = en;
			hasScannedForEncodings = 0;
			knownRegions = (
				en,
				Base,
			);
			mainGroup = 8957C0E924D74052003B51B7;
			productRefGroup = 8957C0F324D74052003B51B7 /* Products */;
			projectDirPath = "";
			projectRoot = "";
			targets = (
				8957C0F124D74052003B51B7 /* WeatherTest */,
			);
		};
/* End PBXProject section */

/* Begin PBXResourcesBuildPhase section */
		8957C0F024D74052003B51B7 /* Resources */ = {
			isa = PBXResourcesBuildPhase;
			buildActionMask = 2147483647;
			files = (
				89956C1624D74F2100B657D1 /* .gitignore in Resources */,
				8957C10524D74054003B51B7 /* LaunchScreen.storyboard in Resources */,
				8957C10224D74054003B51B7 /* Assets.xcassets in Resources */,
				8957C0FD24D74052003B51B7 /* Main.storyboard in Resources */,
			);
			runOnlyForDeploymentPostprocessing = 0;
		};
/* End PBXResourcesBuildPhase section */

/* Begin PBXSourcesBuildPhase section */
		8957C0EE24D74052003B51B7 /* Sources */ = {
			isa = PBXSourcesBuildPhase;
			buildActionMask = 2147483647;
			files = (
				8957C10F24D740BC003B51B7 /* WetherData.swift in Sources */,
				8957C10024D74052003B51B7 /* WeatherTest.xcdatamodeld in Sources */,
				8957C0FA24D74052003B51B7 /* ViewController.swift in Sources */,
				8957C11224D7418B003B51B7 /* WeatherManager.swift in Sources */,
				8957C0F624D74052003B51B7 /* AppDelegate.swift in Sources */,
				8957C0F824D74052003B51B7 /* SceneDelegate.swift in Sources */,
				8957C10D24D7407A003B51B7 /* WeatherModel.swift in Sources */,
			);
			runOnlyForDeploymentPostprocessing = 0;
		};
/* End PBXSourcesBuildPhase section */

/* Begin PBXVariantGroup section */
		8957C0FB24D74052003B51B7 /* Main.storyboard */ = {
			isa = PBXVariantGroup;
			children = (
				8957C0FC24D74052003B51B7 /* Base */,
			);
			name = Main.storyboard;
			sourceTree = "<group>";
		};
		8957C10324D74054003B51B7 /* LaunchScreen.storyboard */ = {
			isa = PBXVariantGroup;
			children = (
				8957C10424D74054003B51B7 /* Base */,
			);
			name = LaunchScreen.storyboard;
			sourceTree = "<group>";
		};
/* End PBXVariantGroup section */

/* Begin XCBuildConfiguration section */
		8957C10724D74054003B51B7 /* Debug */ = {
			isa = XCBuildConfiguration;
			buildSettings = {
				ALWAYS_SEARCH_USER_PATHS = NO;
				CLANG_ANALYZER_NONNULL = YES;
				CLANG_ANALYZER_NUMBER_OBJECT_CONVERSION = YES_AGGRESSIVE;
				CLANG_CXX_LANGUAGE_STANDARD = "gnu++14";
				CLANG_CXX_LIBRARY = "libc++";
				CLANG_ENABLE_MODULES = YES;
				CLANG_ENABLE_OBJC_ARC = YES;
				CLANG_ENABLE_OBJC_WEAK = YES;
				CLANG_WARN_BLOCK_CAPTURE_AUTORELEASING = YES;
				CLANG_WARN_BOOL_CONVERSION = YES;
				CLANG_WARN_COMMA = YES;
				CLANG_WARN_CONSTANT_CONVERSION = YES;
				CLANG_WARN_DEPRECATED_OBJC_IMPLEMENTATIONS = YES;
				CLANG_WARN_DIRECT_OBJC_ISA_USAGE = YES_ERROR;
				CLANG_WARN_DOCUMENTATION_COMMENTS = YES;
				CLANG_WARN_EMPTY_BODY = YES;
				CLANG_WARN_ENUM_CONVERSION = YES;
				CLANG_WARN_INFINITE_RECURSION = YES;
				CLANG_WARN_INT_CONVERSION = YES;
				CLANG_WARN_NON_LITERAL_NULL_CONVERSION = YES;
				CLANG_WARN_OBJC_IMPLICIT_RETAIN_SELF = YES;
				CLANG_WARN_OBJC_LITERAL_CONVERSION = YES;
				CLANG_WARN_OBJC_ROOT_CLASS = YES_ERROR;
				CLANG_WARN_RANGE_LOOP_ANALYSIS = YES;
				CLANG_WARN_STRICT_PROTOTYPES = YES;
				CLANG_WARN_SUSPICIOUS_MOVE = YES;
				CLANG_WARN_UNGUARDED_AVAILABILITY = YES_AGGRESSIVE;
				CLANG_WARN_UNREACHABLE_CODE = YES;
				CLANG_WARN__DUPLICATE_METHOD_MATCH = YES;
				COPY_PHASE_STRIP = NO;
				DEBUG_INFORMATION_FORMAT = dwarf;
				ENABLE_STRICT_OBJC_MSGSEND = YES;
				ENABLE_TESTABILITY = YES;
				GCC_C_LANGUAGE_STANDARD = gnu11;
				GCC_DYNAMIC_NO_PIC = NO;
				GCC_NO_COMMON_BLOCKS = YES;
				GCC_OPTIMIZATION_LEVEL = 0;
				GCC_PREPROCESSOR_DEFINITIONS = (
					"DEBUG=1",
					"$(inherited)",
				);
				GCC_WARN_64_TO_32_BIT_CONVERSION = YES;
				GCC_WARN_ABOUT_RETURN_TYPE = YES_ERROR;
				GCC_WARN_UNDECLARED_SELECTOR = YES;
				GCC_WARN_UNINITIALIZED_AUTOS = YES_AGGRESSIVE;
				GCC_WARN_UNUSED_FUNCTION = YES;
				GCC_WARN_UNUSED_VARIABLE = YES;
				IPHONEOS_DEPLOYMENT_TARGET = 13.6;
				MTL_ENABLE_DEBUG_INFO = INCLUDE_SOURCE;
				MTL_FAST_MATH = YES;
				ONLY_ACTIVE_ARCH = YES;
				SDKROOT = iphoneos;
				SWIFT_ACTIVE_COMPILATION_CONDITIONS = DEBUG;
				SWIFT_OPTIMIZATION_LEVEL = "-Onone";
			};
			name = Debug;
		};
		8957C10824D74054003B51B7 /* Release */ = {
			isa = XCBuildConfiguration;
			buildSettings = {
				ALWAYS_SEARCH_USER_PATHS = NO;
				CLANG_ANALYZER_NONNULL = YES;
				CLANG_ANALYZER_NUMBER_OBJECT_CONVERSION = YES_AGGRESSIVE;
				CLANG_CXX_LANGUAGE_STANDARD = "gnu++14";
				CLANG_CXX_LIBRARY = "libc++";
				CLANG_ENABLE_MODULES = YES;
				CLANG_ENABLE_OBJC_ARC = YES;
				CLANG_ENABLE_OBJC_WEAK = YES;
				CLANG_WARN_BLOCK_CAPTURE_AUTORELEASING = YES;
				CLANG_WARN_BOOL_CONVERSION = YES;
				CLANG_WARN_COMMA = YES;
				CLANG_WARN_CONSTANT_CONVERSION = YES;
				CLANG_WARN_DEPRECATED_OBJC_IMPLEMENTATIONS = YES;
				CLANG_WARN_DIRECT_OBJC_ISA_USAGE = YES_ERROR;
				CLANG_WARN_DOCUMENTATION_COMMENTS = YES;
				CLANG_WARN_EMPTY_BODY = YES;
				CLANG_WARN_ENUM_CONVERSION = YES;
				CLANG_WARN_INFINITE_RECURSION = YES;
				CLANG_WARN_INT_CONVERSION = YES;
				CLANG_WARN_NON_LITERAL_NULL_CONVERSION = YES;
				CLANG_WARN_OBJC_IMPLICIT_RETAIN_SELF = YES;
				CLANG_WARN_OBJC_LITERAL_CONVERSION = YES;
				CLANG_WARN_OBJC_ROOT_CLASS = YES_ERROR;
				CLANG_WARN_RANGE_LOOP_ANALYSIS = YES;
				CLANG_WARN_STRICT_PROTOTYPES = YES;
				CLANG_WARN_SUSPICIOUS_MOVE = YES;
				CLANG_WARN_UNGUARDED_AVAILABILITY = YES_AGGRESSIVE;
				CLANG_WARN_UNREACHABLE_CODE = YES;
				CLANG_WARN__DUPLICATE_METHOD_MATCH = YES;
				COPY_PHASE_STRIP = NO;
				DEBUG_INFORMATION_FORMAT = "dwarf-with-dsym";
				ENABLE_NS_ASSERTIONS = NO;
				ENABLE_STRICT_OBJC_MSGSEND = YES;
				GCC_C_LANGUAGE_STANDARD = gnu11;
				GCC_NO_COMMON_BLOCKS = YES;
				GCC_WARN_64_TO_32_BIT_CONVERSION = YES;
				GCC_WARN_ABOUT_RETURN_TYPE = YES_ERROR;
				GCC_WARN_UNDECLARED_SELECTOR = YES;
				GCC_WARN_UNINITIALIZED_AUTOS = YES_AGGRESSIVE;
				GCC_WARN_UNUSED_FUNCTION = YES;
				GCC_WARN_UNUSED_VARIABLE = YES;
				IPHONEOS_DEPLOYMENT_TARGET = 13.6;
				MTL_ENABLE_DEBUG_INFO = NO;
				MTL_FAST_MATH = YES;
				SDKROOT = iphoneos;
				SWIFT_COMPILATION_MODE = wholemodule;
				SWIFT_OPTIMIZATION_LEVEL = "-O";
				VALIDATE_PRODUCT = YES;
			};
			name = Release;
		};
		8957C10A24D74054003B51B7 /* Debug */ = {
			isa = XCBuildConfiguration;
			buildSettings = {
				ASSETCATALOG_COMPILER_APPICON_NAME = AppIcon;
				CODE_SIGN_STYLE = Automatic;
				DEVELOPMENT_TEAM = 27ZR832B64;
				INFOPLIST_FILE = WeatherTest/Info.plist;
				LD_RUNPATH_SEARCH_PATHS = (
					"$(inherited)",
					"@executable_path/Frameworks",
				);
				PRODUCT_BUNDLE_IDENTIFIER = SD.WeatherTest;
				PRODUCT_NAME = "$(TARGET_NAME)";
				SWIFT_VERSION = 5.0;
				TARGETED_DEVICE_FAMILY = "1,2";
			};
			name = Debug;
		};
		8957C10B24D74054003B51B7 /* Release */ = {
			isa = XCBuildConfiguration;
			buildSettings = {
				ASSETCATALOG_COMPILER_APPICON_NAME = AppIcon;
				CODE_SIGN_STYLE = Automatic;
				DEVELOPMENT_TEAM = 27ZR832B64;
				INFOPLIST_FILE = WeatherTest/Info.plist;
				LD_RUNPATH_SEARCH_PATHS = (
					"$(inherited)",
					"@executable_path/Frameworks",
				);
				PRODUCT_BUNDLE_IDENTIFIER = SD.WeatherTest;
				PRODUCT_NAME = "$(TARGET_NAME)";
				SWIFT_VERSION = 5.0;
				TARGETED_DEVICE_FAMILY = "1,2";
			};
			name = Release;
		};
/* End XCBuildConfiguration section */

/* Begin XCConfigurationList section */
		8957C0ED24D74052003B51B7 /* Build configuration list for PBXProject "WeatherTest" */ = {
			isa = XCConfigurationList;
			buildConfigurations = (
				8957C10724D74054003B51B7 /* Debug */,
				8957C10824D74054003B51B7 /* Release */,
			);
			defaultConfigurationIsVisible = 0;
			defaultConfigurationName = Release;
		};
		8957C10924D74054003B51B7 /* Build configuration list for PBXNativeTarget "WeatherTest" */ = {
			isa = XCConfigurationList;
			buildConfigurations = (
				8957C10A24D74054003B51B7 /* Debug */,
				8957C10B24D74054003B51B7 /* Release */,
			);
			defaultConfigurationIsVisible = 0;
			defaultConfigurationName = Release;
		};
/* End XCConfigurationList section */

/* Begin XCVersionGroup section */
		8957C0FE24D74052003B51B7 /* WeatherTest.xcdatamodeld */ = {
			isa = XCVersionGroup;
			children = (
				8957C0FF24D74052003B51B7 /* WeatherTest.xcdatamodel */,
			);
			currentVersion = 8957C0FF24D74052003B51B7 /* WeatherTest.xcdatamodel */;
			path = WeatherTest.xcdatamodeld;
			sourceTree = "<group>";
			versionGroupType = wrapper.xcdatamodel;
		};
/* End XCVersionGroup section */
	};
	rootObject = 8957C0EA24D74052003B51B7 /* Project object */;
}
